
Microsoft Visual Studio Solution File, Format Version 12.00
# Visual Studio Version 17
VisualStudioVersion = 17.4.33403.182
MinimumVisualStudioVersion = 10.0.40219.1
Project("{FAE04EC0-301F-11D3-BF4B-00C04F79EFBC}") = "WebAPI", "WebAPI\WebAPI.csproj", "{7082C76F-02B3-4E1C-A8F8-DC406B476658}"
EndProject
Project("{FAE04EC0-301F-11D3-BF4B-00C04F79EFBC}") = "WebAPI.Use", "WebAPI.Use\WebAPI.Use.csproj", "{95E7F731-F49A-48B9-827D-1353287772CA}"
EndProject
Global
	GlobalSection(SolutionConfigurationPlatforms) = preSolution
		Debug|Any CPU = Debug|Any CPU
		Release|Any CPU = Release|Any CPU
	EndGlobalSection
	GlobalSection(ProjectConfigurationPlatforms) = postSolution
		{7082C76F-02B3-4E1C-A8F8-DC406B476658}.Debug|Any CPU.ActiveCfg = Debug|Any CPU
		{7082C76F-02B3-4E1C-A8F8-DC406B476658}.Debug|Any CPU.Build.0 = Debug|Any CPU
		{7082C76F-02B3-4E1C-A8F8-DC406B476658}.Release|Any CPU.ActiveCfg = Release|Any CPU
		{7082C76F-02B3-4E1C-A8F8-DC406B476658}.Release|Any CPU.Build.0 = Release|Any CPU
		{95E7F731-F49A-48B9-827D-1353287772CA}.Debug|Any CPU.ActiveCfg = Debug|Any CPU
		{95E7F731-F49A-48B9-827D-1353287772CA}.Debug|Any CPU.Build.0 = Debug|Any CPU
		{95E7F731-F49A-48B9-827D-1353287772CA}.Release|Any CPU.ActiveCfg = Release|Any CPU
		{95E7F731-F49A-48B9-827D-1353287772CA}.Release|Any CPU.Build.0 = Release|Any CPU
	EndGlobalSection
	GlobalSection(SolutionProperties) = preSolution
		HideSolutionNode = FALSE
	EndGlobalSection
	GlobalSection(ExtensibilityGlobals) = postSolution
		SolutionGuid = {8754F637-DE38-42A3-81E6-193CBFEA037F}
	EndGlobalSection
EndGlobal
